
Microsoft Visual Studio Solution File, Format Version 12.00
# Visual Studio 15
Project("{FAE04EC0-301F-11D3-BF4B-00C04F79EFBC}") = "Assembly-CSharp", "Assembly-CSharp.csproj", "{5AE537FA-80B2-6B20-16E7-F6A4911C636E}"
EndProject
Project("{FAE04EC0-301F-11D3-BF4B-00C04F79EFBC}") = "Assembly-CSharp-Editor", "Assembly-CSharp-Editor.csproj", "{8B6A8A24-7372-657A-A78A-404E277CB14A}"
EndProject
Global
	GlobalSection(SolutionConfigurationPlatforms) = preSolution
		Debug|Any CPU = Debug|Any CPU
		Release|Any CPU = Release|Any CPU
	EndGlobalSection
	GlobalSection(ProjectConfigurationPlatforms) = postSolution
		{5AE537FA-80B2-6B20-16E7-F6A4911C636E}.Debug|Any CPU.ActiveCfg = Debug|Any CPU
		{5AE537FA-80B2-6B20-16E7-F6A4911C636E}.Debug|Any CPU.Build.0 = Debug|Any CPU
		{5AE537FA-80B2-6B20-16E7-F6A4911C636E}.Release|Any CPU.ActiveCfg = Release|Any CPU
		{5AE537FA-80B2-6B20-16E7-F6A4911C636E}.Release|Any CPU.Build.0 = Release|Any CPU
		{8B6A8A24-7372-657A-A78A-404E277CB14A}.Debug|Any CPU.ActiveCfg = Debug|Any CPU
		{8B6A8A24-7372-657A-A78A-404E277CB14A}.Debug|Any CPU.Build.0 = Debug|Any CPU
		{8B6A8A24-7372-657A-A78A-404E277CB14A}.Release|Any CPU.ActiveCfg = Release|Any CPU
		{8B6A8A24-7372-657A-A78A-404E277CB14A}.Release|Any CPU.Build.0 = Release|Any CPU
	EndGlobalSection
	GlobalSection(SolutionProperties) = preSolution
		HideSolutionNode = FALSE
	EndGlobalSection
EndGlobal
